
Microsoft Visual Studio Solution File, Format Version 12.00
# Visual Studio Version 16
VisualStudioVersion = 16.0.31515.178
MinimumVisualStudioVersion = 10.0.40219.1
Project("{FAE04EC0-301F-11D3-BF4B-00C04F79EFBC}") = "CC4M_02", "CC4M_02.csproj", "{CFF04D12-AA7E-4682-B451-9F469A2408DE}"
EndProject
Global
	GlobalSection(SolutionConfigurationPlatforms) = preSolution
		Debug|Any CPU = Debug|Any CPU
		Release|Any CPU = Release|Any CPU
	EndGlobalSection
	GlobalSection(ProjectConfigurationPlatforms) = postSolution
		{CFF04D12-AA7E-4682-B451-9F469A2408DE}.Debug|Any CPU.ActiveCfg = Debug|Any CPU
		{CFF04D12-AA7E-4682-B451-9F469A2408DE}.Debug|Any CPU.Build.0 = Debug|Any CPU
		{CFF04D12-AA7E-4682-B451-9F469A2408DE}.Release|Any CPU.ActiveCfg = Release|Any CPU
		{CFF04D12-AA7E-4682-B451-9F469A2408DE}.Release|Any CPU.Build.0 = Release|Any CPU
	EndGlobalSection
	GlobalSection(SolutionProperties) = preSolution
		HideSolutionNode = FALSE
	EndGlobalSection
	GlobalSection(ExtensibilityGlobals) = postSolution
		SolutionGuid = {0C729587-9EAF-447E-85A5-E8D74E3C9BDD}
	EndGlobalSection
EndGlobal
